// !$*UTF8*$!
{
	archiveVersion = 1;
	classes = {
	};
	objectVersion = 46;
	objects = {

/* Begin PBXBuildFile section */
		8E90F21B1A025B74000BD1C7 /* AppDelegate.swift in Sources */ = {isa = PBXBuildFile; fileRef = 8E90F21A1A025B74000BD1C7 /* AppDelegate.swift */; };
		8E90F2201A025B74000BD1C7 /* Main.storyboard in Resources */ = {isa = PBXBuildFile; fileRef = 8E90F21E1A025B74000BD1C7 /* Main.storyboard */; };
		8E90F2221A025B74000BD1C7 /* Images.xcassets in Resources */ = {isa = PBXBuildFile; fileRef = 8E90F2211A025B74000BD1C7 /* Images.xcassets */; };
		8E90F2251A025B74000BD1C7 /* LaunchScreen.xib in Resources */ = {isa = PBXBuildFile; fileRef = 8E90F2231A025B74000BD1C7 /* LaunchScreen.xib */; };
		8E90F23E1A026E2F000BD1C7 /* ViewController.swift in Sources */ = {isa = PBXBuildFile; fileRef = 8E90F21C1A025B74000BD1C7 /* ViewController.swift */; };
		8E90F2421A027053000BD1C7 /* CanvasView.swift in Sources */ = {isa = PBXBuildFile; fileRef = 8E90F2411A027053000BD1C7 /* CanvasView.swift */; };
		8E90F24C1A04B03D000BD1C7 /* Path.swift in Sources */ = {isa = PBXBuildFile; fileRef = 8E90F24B1A04B03D000BD1C7 /* Path.swift */; };
/* End PBXBuildFile section */

/* Begin PBXContainerItemProxy section */
		8E90F22B1A025B74000BD1C7 /* PBXContainerItemProxy */ = {
			isa = PBXContainerItemProxy;
			containerPortal = 8E90F20D1A025B74000BD1C7 /* Project object */;
			proxyType = 1;
			remoteGlobalIDString = 8E90F2141A025B74000BD1C7;
			remoteInfo = FingerPaint;
		};
/* End PBXContainerItemProxy section */

/* Begin PBXFileReference section */
		8E90F2151A025B74000BD1C7 /* FingerPaint.app */ = {isa = PBXFileReference; explicitFileType = wrapper.application; includeInIndex = 0; path = FingerPaint.app; sourceTree = BUILT_PRODUCTS_DIR; };
		8E90F2191A025B74000BD1C7 /* Info.plist */ = {isa = PBXFileReference; lastKnownFileType = text.plist.xml; path = Info.plist; sourceTree = "<group>"; };
		8E90F21A1A025B74000BD1C7 /* AppDelegate.swift */ = {isa = PBXFileReference; lastKnownFileType = sourcecode.swift; path = AppDelegate.swift; sourceTree = "<group>"; };
		8E90F21C1A025B74000BD1C7 /* ViewController.swift */ = {isa = PBXFileReference; lastKnownFileType = sourcecode.swift; path = ViewController.swift; sourceTree = "<group>"; };
		8E90F21F1A025B74000BD1C7 /* Base */ = {isa = PBXFileReference; lastKnownFileType = file.storyboard; name = Base; path = Base.lproj/Main.storyboard; sourceTree = "<group>"; };
		8E90F2211A025B74000BD1C7 /* Images.xcassets */ = {isa = PBXFileReference; lastKnownFileType = folder.assetcatalog; path = Images.xcassets; sourceTree = "<group>"; };
		8E90F2241A025B74000BD1C7 /* Base */ = {isa = PBXFileReference; lastKnownFileType = file.xib; name = Base; path = Base.lproj/LaunchScreen.xib; sourceTree = "<group>"; };
		8E90F22A1A025B74000BD1C7 /* FingerPaintTests.xctest */ = {isa = PBXFileReference; explicitFileType = wrapper.cfbundle; includeInIndex = 0; path = FingerPaintTests.xctest; sourceTree = BUILT_PRODUCTS_DIR; };
		8E90F22F1A025B74000BD1C7 /* Info.plist */ = {isa = PBXFileReference; lastKnownFileType = text.plist.xml; path = Info.plist; sourceTree = "<group>"; };
		8E90F2301A025B74000BD1C7 /* FingerPaintTests.swift */ = {isa = PBXFileReference; lastKnownFileType = sourcecode.swift; path = FingerPaintTests.swift; sourceTree = "<group>"; };
		8E90F23B1A026CA7000BD1C7 /* SpecTests.swift */ = {isa = PBXFileReference; fileEncoding = 4; lastKnownFileType = sourcecode.swift; path = SpecTests.swift; sourceTree = "<group>"; };
		8E90F2411A027053000BD1C7 /* CanvasView.swift */ = {isa = PBXFileReference; fileEncoding = 4; lastKnownFileType = sourcecode.swift; path = CanvasView.swift; sourceTree = "<group>"; };
		8E90F24B1A04B03D000BD1C7 /* Path.swift */ = {isa = PBXFileReference; fileEncoding = 4; lastKnownFileType = sourcecode.swift; path = Path.swift; sourceTree = "<group>"; };
/* End PBXFileReference section */

/* Begin PBXFrameworksBuildPhase section */
		8E90F2121A025B74000BD1C7 /* Frameworks */ = {
			isa = PBXFrameworksBuildPhase;
			buildActionMask = 2147483647;
			files = (
			);
			runOnlyForDeploymentPostprocessing = 0;
		};
		8E90F2271A025B74000BD1C7 /* Frameworks */ = {
			isa = PBXFrameworksBuildPhase;
			buildActionMask = 2147483647;
			files = (
			);
			runOnlyForDeploymentPostprocessing = 0;
		};
/* End PBXFrameworksBuildPhase section */

/* Begin PBXGroup section */
		8E90F20C1A025B74000BD1C7 = {
			isa = PBXGroup;
			children = (
				8E90F2171A025B74000BD1C7 /* FingerPaint */,
				8E90F22D1A025B74000BD1C7 /* FingerPaintTests */,
				8E90F2161A025B74000BD1C7 /* Products */,
			);
			sourceTree = "<group>";
		};
		8E90F2161A025B74000BD1C7 /* Products */ = {
			isa = PBXGroup;
			children = (
				8E90F2151A025B74000BD1C7 /* FingerPaint.app */,
				8E90F22A1A025B74000BD1C7 /* FingerPaintTests.xctest */,
			);
			name = Products;
			sourceTree = "<group>";
		};
		8E90F2171A025B74000BD1C7 /* FingerPaint */ = {
			isa = PBXGroup;
			children = (
				8E90F21A1A025B74000BD1C7 /* AppDelegate.swift */,
				8E90F21C1A025B74000BD1C7 /* ViewController.swift */,
				8E90F2411A027053000BD1C7 /* CanvasView.swift */,
				8E90F21E1A025B74000BD1C7 /* Main.storyboard */,
				8E90F2211A025B74000BD1C7 /* Images.xcassets */,
				8E90F2231A025B74000BD1C7 /* LaunchScreen.xib */,
				8E90F2181A025B74000BD1C7 /* Supporting Files */,
				8E90F24B1A04B03D000BD1C7 /* Path.swift */,
			);
			path = FingerPaint;
			sourceTree = "<group>";
		};
		8E90F2181A025B74000BD1C7 /* Supporting Files */ = {
			isa = PBXGroup;
			children = (
				8E90F2191A025B74000BD1C7 /* Info.plist */,
			);
			name = "Supporting Files";
			sourceTree = "<group>";
		};
		8E90F22D1A025B74000BD1C7 /* FingerPaintTests */ = {
			isa = PBXGroup;
			children = (
				8E90F23A1A026CA7000BD1C7 /* spec */,
				8E90F2301A025B74000BD1C7 /* FingerPaintTests.swift */,
				8E90F22E1A025B74000BD1C7 /* Supporting Files */,
			);
			path = FingerPaintTests;
			sourceTree = "<group>";
		};
		8E90F22E1A025B74000BD1C7 /* Supporting Files */ = {
			isa = PBXGroup;
			children = (
				8E90F22F1A025B74000BD1C7 /* Info.plist */,
			);
			name = "Supporting Files";
			sourceTree = "<group>";
		};
		8E90F23A1A026CA7000BD1C7 /* spec */ = {
			isa = PBXGroup;
			children = (
				8E90F23B1A026CA7000BD1C7 /* SpecTests.swift */,
			);
			name = spec;
			path = ../../../GitHub/FingerPaintTests/spec;
			sourceTree = "<group>";
		};
/* End PBXGroup section */

/* Begin PBXNativeTarget section */
		8E90F2141A025B74000BD1C7 /* FingerPaint */ = {
			isa = PBXNativeTarget;
			buildConfigurationList = 8E90F2341A025B74000BD1C7 /* Build configuration list for PBXNativeTarget "FingerPaint" */;
			buildPhases = (
				8E90F2111A025B74000BD1C7 /* Sources */,
				8E90F2121A025B74000BD1C7 /* Frameworks */,
				8E90F2131A025B74000BD1C7 /* Resources */,
			);
			buildRules = (
			);
			dependencies = (
			);
			name = FingerPaint;
			productName = FingerPaint;
			productReference = 8E90F2151A025B74000BD1C7 /* FingerPaint.app */;
			productType = "com.apple.product-type.application";
		};
		8E90F2291A025B74000BD1C7 /* FingerPaintTests */ = {
			isa = PBXNativeTarget;
			buildConfigurationList = 8E90F2371A025B74000BD1C7 /* Build configuration list for PBXNativeTarget "FingerPaintTests" */;
			buildPhases = (
				8E90F2261A025B74000BD1C7 /* Sources */,
				8E90F2271A025B74000BD1C7 /* Frameworks */,
				8E90F2281A025B74000BD1C7 /* Resources */,
			);
			buildRules = (
			);
			dependencies = (
				8E90F22C1A025B74000BD1C7 /* PBXTargetDependency */,
			);
			name = FingerPaintTests;
			productName = FingerPaintTests;
			productReference = 8E90F22A1A025B74000BD1C7 /* FingerPaintTests.xctest */;
			productType = "com.apple.product-type.bundle.unit-test";
		};
/* End PBXNativeTarget section */

/* Begin PBXProject section */
		8E90F20D1A025B74000BD1C7 /* Project object */ = {
			isa = PBXProject;
			attributes = {
				LastUpgradeCheck = 0610;
				ORGANIZATIONNAME = touzi;
				TargetAttributes = {
					8E90F2141A025B74000BD1C7 = {
						CreatedOnToolsVersion = 6.1;
					};
					8E90F2291A025B74000BD1C7 = {
						CreatedOnToolsVersion = 6.1;
						TestTargetID = 8E90F2141A025B74000BD1C7;
					};
				};
			};
			buildConfigurationList = 8E90F2101A025B74000BD1C7 /* Build configuration list for PBXProject "FingerPaint" */;
			compatibilityVersion = "Xcode 3.2";
			developmentRegion = English;
			hasScannedForEncodings = 0;
			knownRegions = (
				en,
				Base,
			);
			mainGroup = 8E90F20C1A025B74000BD1C7;
			productRefGroup = 8E90F2161A025B74000BD1C7 /* Products */;
			projectDirPath = "";
			projectRoot = "";
			targets = (
				8E90F2141A025B74000BD1C7 /* FingerPaint */,
				8E90F2291A025B74000BD1C7 /* FingerPaintTests */,
			);
		};
/* End PBXProject section */

/* Begin PBXResourcesBuildPhase section */
		8E90F2131A025B74000BD1C7 /* Resources */ = {
			isa = PBXResourcesBuildPhase;
			buildActionMask = 2147483647;
			files = (
				8E90F2201A025B74000BD1C7 /* Main.storyboard in Resources */,
				8E90F2251A025B74000BD1C7 /* LaunchScreen.xib in Resources */,
				8E90F2221A025B74000BD1C7 /* Images.xcassets in Resources */,
			);
			runOnlyForDeploymentPostprocessing = 0;
		};
		8E90F2281A025B74000BD1C7 /* Resources */ = {
			isa = PBXResourcesBuildPhase;
			buildActionMask = 2147483647;
			files = (
			);
			runOnlyForDeploymentPostprocessing = 0;
		};
/* End PBXResourcesBuildPhase section */

/* Begin PBXSourcesBuildPhase section */
		8E90F2111A025B74000BD1C7 /* Sources */ = {
			isa = PBXSourcesBuildPhase;
			buildActionMask = 2147483647;
			files = (
				8E90F23E1A026E2F000BD1C7 /* ViewController.swift in Sources */,
				8E90F21B1A025B74000BD1C7 /* AppDelegate.swift in Sources */,
				8E90F24C1A04B03D000BD1C7 /* Path.swift in Sources */,
				8E90F2421A027053000BD1C7 /* CanvasView.swift in Sources */,
			);
			runOnlyForDeploymentPostprocessing = 0;
		};
		8E90F2261A025B74000BD1C7 /* Sources */ = {
			isa = PBXSourcesBuildPhase;
			buildActionMask = 2147483647;
			files = (
			);
			runOnlyForDeploymentPostprocessing = 0;
		};
/* End PBXSourcesBuildPhase section */

/* Begin PBXTargetDependency section */
		8E90F22C1A025B74000BD1C7 /* PBXTargetDependency */ = {
			isa = PBXTargetDependency;
			target = 8E90F2141A025B74000BD1C7 /* FingerPaint */;
			targetProxy = 8E90F22B1A025B74000BD1C7 /* PBXContainerItemProxy */;
		};
/* End PBXTargetDependency section */

/* Begin PBXVariantGroup section */
		8E90F21E1A025B74000BD1C7 /* Main.storyboard */ = {
			isa = PBXVariantGroup;
			children = (
				8E90F21F1A025B74000BD1C7 /* Base */,
			);
			name = Main.storyboard;
			sourceTree = "<group>";
		};
		8E90F2231A025B74000BD1C7 /* LaunchScreen.xib */ = {
			isa = PBXVariantGroup;
			children = (
				8E90F2241A025B74000BD1C7 /* Base */,
			);
			name = LaunchScreen.xib;
			sourceTree = "<group>";
		};
/* End PBXVariantGroup section */

/* Begin XCBuildConfiguration section */
		8E90F2321A025B74000BD1C7 /* Debug */ = {
			isa = XCBuildConfiguration;
			buildSettings = {
				ALWAYS_SEARCH_USER_PATHS = NO;
				CLANG_CXX_LANGUAGE_STANDARD = "gnu++0x";
				CLANG_CXX_LIBRARY = "libc++";
				CLANG_ENABLE_MODULES = YES;
				CLANG_ENABLE_OBJC_ARC = YES;
				CLANG_WARN_BOOL_CONVERSION = YES;
				CLANG_WARN_CONSTANT_CONVERSION = YES;
				CLANG_WARN_DIRECT_OBJC_ISA_USAGE = YES_ERROR;
				CLANG_WARN_EMPTY_BODY = YES;
				CLANG_WARN_ENUM_CONVERSION = YES;
				CLANG_WARN_INT_CONVERSION = YES;
				CLANG_WARN_OBJC_ROOT_CLASS = YES_ERROR;
				CLANG_WARN_UNREACHABLE_CODE = YES;
				CLANG_WARN__DUPLICATE_METHOD_MATCH = YES;
				"CODE_SIGN_IDENTITY[sdk=iphoneos*]" = "iPhone Developer";
				COPY_PHASE_STRIP = NO;
				ENABLE_STRICT_OBJC_MSGSEND = YES;
				GCC_C_LANGUAGE_STANDARD = gnu99;
				GCC_DYNAMIC_NO_PIC = NO;
				GCC_OPTIMIZATION_LEVEL = 0;
				GCC_PREPROCESSOR_DEFINITIONS = (
					"DEBUG=1",
					"$(inherited)",
				);
				GCC_SYMBOLS_PRIVATE_EXTERN = NO;
				GCC_WARN_64_TO_32_BIT_CONVERSION = YES;
				GCC_WARN_ABOUT_RETURN_TYPE = YES_ERROR;
				GCC_WARN_UNDECLARED_SELECTOR = YES;
				GCC_WARN_UNINITIALIZED_AUTOS = YES_AGGRESSIVE;
				GCC_WARN_UNUSED_FUNCTION = YES;
				GCC_WARN_UNUSED_VARIABLE = YES;
				IPHONEOS_DEPLOYMENT_TARGET = 8.1;
				MTL_ENABLE_DEBUG_INFO = YES;
				ONLY_ACTIVE_ARCH = YES;
				SDKROOT = iphoneos;
				SWIFT_OPTIMIZATION_LEVEL = "-Onone";
			};
			name = Debug;
		};
		8E90F2331A025B74000BD1C7 /* Release */ = {
			isa = XCBuildConfiguration;
			buildSettings = {
				ALWAYS_SEARCH_USER_PATHS = NO;
				CLANG_CXX_LANGUAGE_STANDARD = "gnu++0x";
				CLANG_CXX_LIBRARY = "libc++";
				CLANG_ENABLE_MODULES = YES;
				CLANG_ENABLE_OBJC_ARC = YES;
				CLANG_WARN_BOOL_CONVERSION = YES;
				CLANG_WARN_CONSTANT_CONVERSION = YES;
				CLANG_WARN_DIRECT_OBJC_ISA_USAGE = YES_ERROR;
				CLANG_WARN_EMPTY_BODY = YES;
				CLANG_WARN_ENUM_CONVERSION = YES;
				CLANG_WARN_INT_CONVERSION = YES;
				CLANG_WARN_OBJC_ROOT_CLASS = YES_ERROR;
				CLANG_WARN_UNREACHABLE_CODE = YES;
				CLANG_WARN__DUPLICATE_METHOD_MATCH = YES;
				"CODE_SIGN_IDENTITY[sdk=iphoneos*]" = "iPhone Developer";
				COPY_PHASE_STRIP = YES;
				ENABLE_NS_ASSERTIONS = NO;
				ENABLE_STRICT_OBJC_MSGSEND = YES;
				GCC_C_LANGUAGE_STANDARD = gnu99;
				GCC_WARN_64_TO_32_BIT_CONVERSION = YES;
				GCC_WARN_ABOUT_RETURN_TYPE = YES_ERROR;
				GCC_WARN_UNDECLARED_SELECTOR = YES;
				GCC_WARN_UNINITIALIZED_AUTOS = YES_AGGRESSIVE;
				GCC_WARN_UNUSED_FUNCTION = YES;
				GCC_WARN_UNUSED_VARIABLE = YES;
				IPHONEOS_DEPLOYMENT_TARGET = 8.1;
				MTL_ENABLE_DEBUG_INFO = NO;
				SDKROOT = iphoneos;
				VALIDATE_PRODUCT = YES;
			};
			name = Release;
		};
		8E90F2351A025B74000BD1C7 /* Debug */ = {
			isa = XCBuildConfiguration;
			buildSettings = {
				ASSETCATALOG_COMPILER_APPICON_NAME = AppIcon;
				INFOPLIST_FILE = FingerPaint/Info.plist;
				LD_RUNPATH_SEARCH_PATHS = "$(inherited) @executable_path/Frameworks";
				PRODUCT_NAME = "$(TARGET_NAME)";
			};
			name = Debug;
		};
		8E90F2361A025B74000BD1C7 /* Release */ = {
			isa = XCBuildConfiguration;
			buildSettings = {
				ASSETCATALOG_COMPILER_APPICON_NAME = AppIcon;
				INFOPLIST_FILE = FingerPaint/Info.plist;
				LD_RUNPATH_SEARCH_PATHS = "$(inherited) @executable_path/Frameworks";
				PRODUCT_NAME = "$(TARGET_NAME)";
			};
			name = Release;
		};
		8E90F2381A025B74000BD1C7 /* Debug */ = {
			isa = XCBuildConfiguration;
			buildSettings = {
				BUNDLE_LOADER = "$(TEST_HOST)";
				FRAMEWORK_SEARCH_PATHS = (
					"$(SDKROOT)/Developer/Library/Frameworks",
					"$(inherited)",
				);
				GCC_PREPROCESSOR_DEFINITIONS = (
					"DEBUG=1",
					"$(inherited)",
				);
				INFOPLIST_FILE = FingerPaintTests/Info.plist;
				LD_RUNPATH_SEARCH_PATHS = "$(inherited) @executable_path/Frameworks @loader_path/Frameworks";
				PRODUCT_NAME = "$(TARGET_NAME)";
				TEST_HOST = "$(BUILT_PRODUCTS_DIR)/FingerPaint.app/FingerPaint";
			};
			name = Debug;
		};
		8E90F2391A025B74000BD1C7 /* Release */ = {
			isa = XCBuildConfiguration;
			buildSettings = {
				BUNDLE_LOADER = "$(TEST_HOST)";
				FRAMEWORK_SEARCH_PATHS = (
					"$(SDKROOT)/Developer/Library/Frameworks",
					"$(inherited)",
				);
				INFOPLIST_FILE = FingerPaintTests/Info.plist;
				LD_RUNPATH_SEARCH_PATHS = "$(inherited) @executable_path/Frameworks @loader_path/Frameworks";
				PRODUCT_NAME = "$(TARGET_NAME)";
				TEST_HOST = "$(BUILT_PRODUCTS_DIR)/FingerPaint.app/FingerPaint";
			};
			name = Release;
		};
/* End XCBuildConfiguration section */

/* Begin XCConfigurationList section */
		8E90F2101A025B74000BD1C7 /* Build configuration list for PBXProject "FingerPaint" */ = {
			isa = XCConfigurationList;
			buildConfigurations = (
				8E90F2321A025B74000BD1C7 /* Debug */,
				8E90F2331A025B74000BD1C7 /* Release */,
			);
			defaultConfigurationIsVisible = 0;
			defaultConfigurationName = Release;
		};
		8E90F2341A025B74000BD1C7 /* Build configuration list for PBXNativeTarget "FingerPaint" */ = {
			isa = XCConfigurationList;
			buildConfigurations = (
				8E90F2351A025B74000BD1C7 /* Debug */,
				8E90F2361A025B74000BD1C7 /* Release */,
			);
			defaultConfigurationIsVisible = 0;
			defaultConfigurationName = Release;
		};
		8E90F2371A025B74000BD1C7 /* Build configuration list for PBXNativeTarget "FingerPaintTests" */ = {
			isa = XCConfigurationList;
			buildConfigurations = (
				8E90F2381A025B74000BD1C7 /* Debug */,
				8E90F2391A025B74000BD1C7 /* Release */,
			);
			defaultConfigurationIsVisible = 0;
			defaultConfigurationName = Release;
		};
/* End XCConfigurationList section */
	};
	rootObject = 8E90F20D1A025B74000BD1C7 /* Project object */;
}
